// !$*UTF8*$!
{
	archiveVersion = 1;
	classes = {
	};
	objectVersion = 50;
	objects = {

/* Begin PBXBuildFile section */
		08B330A7239554FF0079AEDC /* AppDelegate.swift in Sources */ = {isa = PBXBuildFile; fileRef = 08B330A6239554FF0079AEDC /* AppDelegate.swift */; };
		08B330A9239554FF0079AEDC /* SceneDelegate.swift in Sources */ = {isa = PBXBuildFile; fileRef = 08B330A8239554FF0079AEDC /* SceneDelegate.swift */; };
		08B330AB239554FF0079AEDC /* ViewController.swift in Sources */ = {isa = PBXBuildFile; fileRef = 08B330AA239554FF0079AEDC /* ViewController.swift */; };
		08B330AE239554FF0079AEDC /* Main.storyboard in Resources */ = {isa = PBXBuildFile; fileRef = 08B330AC239554FF0079AEDC /* Main.storyboard */; };
		08B330B0239555000079AEDC /* Assets.xcassets in Resources */ = {isa = PBXBuildFile; fileRef = 08B330AF239555000079AEDC /* Assets.xcassets */; };
		08B330B3239555000079AEDC /* LaunchScreen.storyboard in Resources */ = {isa = PBXBuildFile; fileRef = 08B330B1239555000079AEDC /* LaunchScreen.storyboard */; };
		08B330BB239555260079AEDC /* CanvasView.swift in Sources */ = {isa = PBXBuildFile; fileRef = 08B330BA239555260079AEDC /* CanvasView.swift */; };
/* End PBXBuildFile section */

/* Begin PBXFileReference section */
		08B330A3239554FF0079AEDC /* Atelier.app */ = {isa = PBXFileReference; explicitFileType = wrapper.application; includeInIndex = 0; path = Atelier.app; sourceTree = BUILT_PRODUCTS_DIR; };
		08B330A6239554FF0079AEDC /* AppDelegate.swift */ = {isa = PBXFileReference; lastKnownFileType = sourcecode.swift; path = AppDelegate.swift; sourceTree = "<group>"; };
		08B330A8239554FF0079AEDC /* SceneDelegate.swift */ = {isa = PBXFileReference; lastKnownFileType = sourcecode.swift; path = SceneDelegate.swift; sourceTree = "<group>"; };
		08B330AA239554FF0079AEDC /* ViewController.swift */ = {isa = PBXFileReference; lastKnownFileType = sourcecode.swift; path = ViewController.swift; sourceTree = "<group>"; };
		08B330AD239554FF0079AEDC /* Base */ = {isa = PBXFileReference; lastKnownFileType = file.storyboard; name = Base; path = Base.lproj/Main.storyboard; sourceTree = "<group>"; };
		08B330AF239555000079AEDC /* Assets.xcassets */ = {isa = PBXFileReference; lastKnownFileType = folder.assetcatalog; path = Assets.xcassets; sourceTree = "<group>"; };
		08B330B2239555000079AEDC /* Base */ = {isa = PBXFileReference; lastKnownFileType = file.storyboard; name = Base; path = Base.lproj/LaunchScreen.storyboard; sourceTree = "<group>"; };
		08B330B4239555000079AEDC /* Info.plist */ = {isa = PBXFileReference; lastKnownFileType = text.plist.xml; path = Info.plist; sourceTree = "<group>"; };
		08B330BA239555260079AEDC /* CanvasView.swift */ = {isa = PBXFileReference; lastKnownFileType = sourcecode.swift; path = CanvasView.swift; sourceTree = "<group>"; };
		08B330BE2397EF8E0079AEDC /* SnapKit.framework */ = {isa = PBXFileReference; lastKnownFileType = wrapper.framework; name = SnapKit.framework; path = Carthage/Build/iOS/SnapKit.framework; sourceTree = "<group>"; };
/* End PBXFileReference section */

/* Begin PBXFrameworksBuildPhase section */
		08B330A0239554FF0079AEDC /* Frameworks */ = {
			isa = PBXFrameworksBuildPhase;
			buildActionMask = 2147483647;
			files = (
			);
			runOnlyForDeploymentPostprocessing = 0;
		};
/* End PBXFrameworksBuildPhase section */

/* Begin PBXGroup section */
		08B3309A239554FF0079AEDC = {
			isa = PBXGroup;
			children = (
				08B330A5239554FF0079AEDC /* Atelier */,
				08B330A4239554FF0079AEDC /* Products */,
				08B330BD2397EF8D0079AEDC /* Frameworks */,
			);
			sourceTree = "<group>";
		};
		08B330A4239554FF0079AEDC /* Products */ = {
			isa = PBXGroup;
			children = (
				08B330A3239554FF0079AEDC /* Atelier.app */,
			);
			name = Products;
			sourceTree = "<group>";
		};
		08B330A5239554FF0079AEDC /* Atelier */ = {
			isa = PBXGroup;
			children = (
				08B330A6239554FF0079AEDC /* AppDelegate.swift */,
				08B330A8239554FF0079AEDC /* SceneDelegate.swift */,
				08B330AA239554FF0079AEDC /* ViewController.swift */,
				08B330BA239555260079AEDC /* CanvasView.swift */,
				08B330AC239554FF0079AEDC /* Main.storyboard */,
				08B330AF239555000079AEDC /* Assets.xcassets */,
				08B330B1239555000079AEDC /* LaunchScreen.storyboard */,
				08B330B4239555000079AEDC /* Info.plist */,
			);
			path = Atelier;
			sourceTree = "<group>";
		};
		08B330BD2397EF8D0079AEDC /* Frameworks */ = {
			isa = PBXGroup;
			children = (
				08B330BE2397EF8E0079AEDC /* SnapKit.framework */,
			);
			name = Frameworks;
			sourceTree = "<group>";
		};
/* End PBXGroup section */

/* Begin PBXNativeTarget section */
		08B330A2239554FF0079AEDC /* Atelier */ = {
			isa = PBXNativeTarget;
			buildConfigurationList = 08B330B7239555000079AEDC /* Build configuration list for PBXNativeTarget "Atelier" */;
			buildPhases = (
				08B3309F239554FF0079AEDC /* Sources */,
				08B330A0239554FF0079AEDC /* Frameworks */,
				08B330A1239554FF0079AEDC /* Resources */,
			);
			buildRules = (
			);
			dependencies = (
			);
			name = Atelier;
			productName = Atelier;
			productReference = 08B330A3239554FF0079AEDC /* Atelier.app */;
			productType = "com.apple.product-type.application";
		};
/* End PBXNativeTarget section */

/* Begin PBXProject section */
		08B3309B239554FF0079AEDC /* Project object */ = {
			isa = PBXProject;
			attributes = {
				LastSwiftUpdateCheck = 1110;
				LastUpgradeCheck = 1110;
				ORGANIZATIONNAME = "Atsushi Jike";
				TargetAttributes = {
					08B330A2239554FF0079AEDC = {
						CreatedOnToolsVersion = 11.1;
					};
				};
			};
			buildConfigurationList = 08B3309E239554FF0079AEDC /* Build configuration list for PBXProject "Atelier" */;
			compatibilityVersion = "Xcode 9.3";
			developmentRegion = en;
			hasScannedForEncodings = 0;
			knownRegions = (
				en,
				Base,
			);
			mainGroup = 08B3309A239554FF0079AEDC;
			productRefGroup = 08B330A4239554FF0079AEDC /* Products */;
			projectDirPath = "";
			projectRoot = "";
			targets = (
				08B330A2239554FF0079AEDC /* Atelier */,
			);
		};
/* End PBXProject section */

/* Begin PBXResourcesBuildPhase section */
		08B330A1239554FF0079AEDC /* Resources */ = {
			isa = PBXResourcesBuildPhase;
			buildActionMask = 2147483647;
			files = (
				08B330B3239555000079AEDC /* LaunchScreen.storyboard in Resources */,
				08B330B0239555000079AEDC /* Assets.xcassets in Resources */,
				08B330AE239554FF0079AEDC /* Main.storyboard in Resources */,
			);
			runOnlyForDeploymentPostprocessing = 0;
		};
/* End PBXResourcesBuildPhase section */

/* Begin PBXSourcesBuildPhase section */
		08B3309F239554FF0079AEDC /* Sources */ = {
			isa = PBXSourcesBuildPhase;
			buildActionMask = 2147483647;
			files = (
				08B330AB239554FF0079AEDC /* ViewController.swift in Sources */,
				08B330A7239554FF0079AEDC /* AppDelegate.swift in Sources */,
				08B330BB239555260079AEDC /* CanvasView.swift in Sources */,
				08B330A9239554FF0079AEDC /* SceneDelegate.swift in Sources */,
			);
			runOnlyForDeploymentPostprocessing = 0;
		};
/* End PBXSourcesBuildPhase section */

/* Begin PBXVariantGroup section */
		08B330AC239554FF0079AEDC /* Main.storyboard */ = {
			isa = PBXVariantGroup;
			children = (
				08B330AD239554FF0079AEDC /* Base */,
			);
			name = Main.storyboard;
			sourceTree = "<group>";
		};
		08B330B1239555000079AEDC /* LaunchScreen.storyboard */ = {
			isa = PBXVariantGroup;
			children = (
				08B330B2239555000079AEDC /* Base */,
			);
			name = LaunchScreen.storyboard;
			sourceTree = "<group>";
		};
/* End PBXVariantGroup section */

/* Begin XCBuildConfiguration section */
		08B330B5239555000079AEDC /* Debug */ = {
			isa = XCBuildConfiguration;
			buildSettings = {
				ALWAYS_SEARCH_USER_PATHS = NO;
				CLANG_ANALYZER_NONNULL = YES;
				CLANG_ANALYZER_NUMBER_OBJECT_CONVERSION = YES_AGGRESSIVE;
				CLANG_CXX_LANGUAGE_STANDARD = "gnu++14";
				CLANG_CXX_LIBRARY = "libc++";
				CLANG_ENABLE_MODULES = YES;
				CLANG_ENABLE_OBJC_ARC = YES;
				CLANG_ENABLE_OBJC_WEAK = YES;
				CLANG_WARN_BLOCK_CAPTURE_AUTORELEASING = YES;
				CLANG_WARN_BOOL_CONVERSION = YES;
				CLANG_WARN_COMMA = YES;
				CLANG_WARN_CONSTANT_CONVERSION = YES;
				CLANG_WARN_DEPRECATED_OBJC_IMPLEMENTATIONS = YES;
				CLANG_WARN_DIRECT_OBJC_ISA_USAGE = YES_ERROR;
				CLANG_WARN_DOCUMENTATION_COMMENTS = YES;
				CLANG_WARN_EMPTY_BODY = YES;
				CLANG_WARN_ENUM_CONVERSION = YES;
				CLANG_WARN_INFINITE_RECURSION = YES;
				CLANG_WARN_INT_CONVERSION = YES;
				CLANG_WARN_NON_LITERAL_NULL_CONVERSION = YES;
				CLANG_WARN_OBJC_IMPLICIT_RETAIN_SELF = YES;
				CLANG_WARN_OBJC_LITERAL_CONVERSION = YES;
				CLANG_WARN_OBJC_ROOT_CLASS = YES_ERROR;
				CLANG_WARN_RANGE_LOOP_ANALYSIS = YES;
				CLANG_WARN_STRICT_PROTOTYPES = YES;
				CLANG_WARN_SUSPICIOUS_MOVE = YES;
				CLANG_WARN_UNGUARDED_AVAILABILITY = YES_AGGRESSIVE;
				CLANG_WARN_UNREACHABLE_CODE = YES;
				CLANG_WARN__DUPLICATE_METHOD_MATCH = YES;
				COPY_PHASE_STRIP = NO;
				DEBUG_INFORMATION_FORMAT = dwarf;
				ENABLE_STRICT_OBJC_MSGSEND = YES;
				ENABLE_TESTABILITY = YES;
				GCC_C_LANGUAGE_STANDARD = gnu11;
				GCC_DYNAMIC_NO_PIC = NO;
				GCC_NO_COMMON_BLOCKS = YES;
				GCC_OPTIMIZATION_LEVEL = 0;
				GCC_PREPROCESSOR_DEFINITIONS = (
					"DEBUG=1",
					"$(inherited)",
				);
				GCC_WARN_64_TO_32_BIT_CONVERSION = YES;
				GCC_WARN_ABOUT_RETURN_TYPE = YES_ERROR;
				GCC_WARN_UNDECLARED_SELECTOR = YES;
				GCC_WARN_UNINITIALIZED_AUTOS = YES_AGGRESSIVE;
				GCC_WARN_UNUSED_FUNCTION = YES;
				GCC_WARN_UNUSED_VARIABLE = YES;
				IPHONEOS_DEPLOYMENT_TARGET = 13.1;
				MTL_ENABLE_DEBUG_INFO = INCLUDE_SOURCE;
				MTL_FAST_MATH = YES;
				ONLY_ACTIVE_ARCH = YES;
				SDKROOT = iphoneos;
				SWIFT_ACTIVE_COMPILATION_CONDITIONS = DEBUG;
				SWIFT_OPTIMIZATION_LEVEL = "-Onone";
			};
			name = Debug;
		};
		08B330B6239555000079AEDC /* Release */ = {
			isa = XCBuildConfiguration;
			buildSettings = {
				ALWAYS_SEARCH_USER_PATHS = NO;
				CLANG_ANALYZER_NONNULL = YES;
				CLANG_ANALYZER_NUMBER_OBJECT_CONVERSION = YES_AGGRESSIVE;
				CLANG_CXX_LANGUAGE_STANDARD = "gnu++14";
				CLANG_CXX_LIBRARY = "libc++";
				CLANG_ENABLE_MODULES = YES;
				CLANG_ENABLE_OBJC_ARC = YES;
				CLANG_ENABLE_OBJC_WEAK = YES;
				CLANG_WARN_BLOCK_CAPTURE_AUTORELEASING = YES;
				CLANG_WARN_BOOL_CONVERSION = YES;
				CLANG_WARN_COMMA = YES;
				CLANG_WARN_CONSTANT_CONVERSION = YES;
				CLANG_WARN_DEPRECATED_OBJC_IMPLEMENTATIONS = YES;
				CLANG_WARN_DIRECT_OBJC_ISA_USAGE = YES_ERROR;
				CLANG_WARN_DOCUMENTATION_COMMENTS = YES;
				CLANG_WARN_EMPTY_BODY = YES;
				CLANG_WARN_ENUM_CONVERSION = YES;
				CLANG_WARN_INFINITE_RECURSION = YES;
				CLANG_WARN_INT_CONVERSION = YES;
				CLANG_WARN_NON_LITERAL_NULL_CONVERSION = YES;
				CLANG_WARN_OBJC_IMPLICIT_RETAIN_SELF = YES;
				CLANG_WARN_OBJC_LITERAL_CONVERSION = YES;
				CLANG_WARN_OBJC_ROOT_CLASS = YES_ERROR;
				CLANG_WARN_RANGE_LOOP_ANALYSIS = YES;
				CLANG_WARN_STRICT_PROTOTYPES = YES;
				CLANG_WARN_SUSPICIOUS_MOVE = YES;
				CLANG_WARN_UNGUARDED_AVAILABILITY = YES_AGGRESSIVE;
				CLANG_WARN_UNREACHABLE_CODE = YES;
				CLANG_WARN__DUPLICATE_METHOD_MATCH = YES;
				COPY_PHASE_STRIP = NO;
				DEBUG_INFORMATION_FORMAT = "dwarf-with-dsym";
				ENABLE_NS_ASSERTIONS = NO;
				ENABLE_STRICT_OBJC_MSGSEND = YES;
				GCC_C_LANGUAGE_STANDARD = gnu11;
				GCC_NO_COMMON_BLOCKS = YES;
				GCC_WARN_64_TO_32_BIT_CONVERSION = YES;
				GCC_WARN_ABOUT_RETURN_TYPE = YES_ERROR;
				GCC_WARN_UNDECLARED_SELECTOR = YES;
				GCC_WARN_UNINITIALIZED_AUTOS = YES_AGGRESSIVE;
				GCC_WARN_UNUSED_FUNCTION = YES;
				GCC_WARN_UNUSED_VARIABLE = YES;
				IPHONEOS_DEPLOYMENT_TARGET = 13.1;
				MTL_ENABLE_DEBUG_INFO = NO;
				MTL_FAST_MATH = YES;
				SDKROOT = iphoneos;
				SWIFT_COMPILATION_MODE = wholemodule;
				SWIFT_OPTIMIZATION_LEVEL = "-O";
				VALIDATE_PRODUCT = YES;
			};
			name = Release;
		};
		08B330B8239555000079AEDC /* Debug */ = {
			isa = XCBuildConfiguration;
			buildSettings = {
				ASSETCATALOG_COMPILER_APPICON_NAME = AppIcon;
				CODE_SIGN_STYLE = Automatic;
				FRAMEWORK_SEARCH_PATHS = (
					"$(inherited)",
					"$(PROJECT_DIR)/Carthage/Build/iOS",
				);
				INFOPLIST_FILE = Atelier/Info.plist;
				LD_RUNPATH_SEARCH_PATHS = (
					"$(inherited)",
					"@executable_path/Frameworks",
				);
				PRODUCT_BUNDLE_IDENTIFIER = jp.co.yumemi.Atelier;
				PRODUCT_NAME = "$(TARGET_NAME)";
				SWIFT_VERSION = 5.0;
				TARGETED_DEVICE_FAMILY = "1,2";
			};
			name = Debug;
		};
		08B330B9239555000079AEDC /* Release */ = {
			isa = XCBuildConfiguration;
			buildSettings = {
				ASSETCATALOG_COMPILER_APPICON_NAME = AppIcon;
				CODE_SIGN_STYLE = Automatic;
				FRAMEWORK_SEARCH_PATHS = (
					"$(inherited)",
					"$(PROJECT_DIR)/Carthage/Build/iOS",
				);
				INFOPLIST_FILE = Atelier/Info.plist;
				LD_RUNPATH_SEARCH_PATHS = (
					"$(inherited)",
					"@executable_path/Frameworks",
				);
				PRODUCT_BUNDLE_IDENTIFIER = jp.co.yumemi.Atelier;
				PRODUCT_NAME = "$(TARGET_NAME)";
				SWIFT_VERSION = 5.0;
				TARGETED_DEVICE_FAMILY = "1,2";
			};
			name = Release;
		};
/* End XCBuildConfiguration section */

/* Begin XCConfigurationList section */
		08B3309E239554FF0079AEDC /* Build configuration list for PBXProject "Atelier" */ = {
			isa = XCConfigurationList;
			buildConfigurations = (
				08B330B5239555000079AEDC /* Debug */,
				08B330B6239555000079AEDC /* Release */,
			);
			defaultConfigurationIsVisible = 0;
			defaultConfigurationName = Release;
		};
		08B330B7239555000079AEDC /* Build configuration list for PBXNativeTarget "Atelier" */ = {
			isa = XCConfigurationList;
			buildConfigurations = (
				08B330B8239555000079AEDC /* Debug */,
				08B330B9239555000079AEDC /* Release */,
			);
			defaultConfigurationIsVisible = 0;
			defaultConfigurationName = Release;
		};
/* End XCConfigurationList section */
	};
	rootObject = 08B3309B239554FF0079AEDC /* Project object */;
}
